payload:
  - DOMAIN,api.lemonsqueezy.com
  - DOMAIN,screen.studio

  # > Adobe
  - DOMAIN-SUFFIX,adobe.io

  # > AdGuard
  # DOMAIN,api.adguard.org

  # > Wechat
  - DOMAIN-SUFFIX,wsx.qq.com

  # > Autodesk
  - DOMAIN,genuine-software2.autodesk.com

  - DOMAIN,apm.zhihu.com,REJECT
  - DOMAIN,appcloud.zhihu.com,REJECT
  - DOMAIN,appcloud2.in.zhihu.com,REJECT
  - DOMAIN,crash2.zhihu.com,REJECT
  - DOMAIN,duga.zhihu.com,REJECT
  - DOMAIN,mqtt.zhihu.com,REJECT
  - DOMAIN,sugar.zhihu.com,REJECT
  - DOMAIN,zxid-m.mobileservice.cn,REJECT
  - IP-CIDR,103.41.167.237/32,REJECT
  - IP-CIDR,118.89.204.198/32,REJECT
  - IP-CIDR6,2402:4e00:1200:ed00:0:9089:6dac:96b6/128,REJECT